// !$*UTF8*$!
{
	archiveVersion = 1;
	classes = {
	};
	objectVersion = 50;
	objects = {

/* Begin PBXBuildFile section */
		5F0593ED22DF7BD800DD357A /* LeftLoopViewController.swift in Sources */ = {isa = PBXBuildFile; fileRef = 5F0593EC22DF7BD800DD357A /* LeftLoopViewController.swift */; };
		5F0593EF22DF7DBE00DD357A /* RightLoopViewController.swift in Sources */ = {isa = PBXBuildFile; fileRef = 5F0593EE22DF7DBE00DD357A /* RightLoopViewController.swift */; };
		5F7813A322EC00DE008F38C7 /* Rotation.swift in Sources */ = {isa = PBXBuildFile; fileRef = 5F7813A222EC00DE008F38C7 /* Rotation.swift */; };
		5FA9936422DF691C00B1C45D /* LeftEQViewController.swift in Sources */ = {isa = PBXBuildFile; fileRef = 5FA9936322DF691C00B1C45D /* LeftEQViewController.swift */; };
		5FA9936622DF6BE200B1C45D /* RightEQViewController.swift in Sources */ = {isa = PBXBuildFile; fileRef = 5FA9936522DF6BE200B1C45D /* RightEQViewController.swift */; };
		D5638219230233B900AE17E5 /* LeftSongSelectionViewController.swift in Sources */ = {isa = PBXBuildFile; fileRef = D5638218230233B900AE17E5 /* LeftSongSelectionViewController.swift */; };
		D5657E1922CC3D710080A378 /* AppDelegate.swift in Sources */ = {isa = PBXBuildFile; fileRef = D5657E1822CC3D710080A378 /* AppDelegate.swift */; };
		D5657E1B22CC3D710080A378 /* ViewController.swift in Sources */ = {isa = PBXBuildFile; fileRef = D5657E1A22CC3D710080A378 /* ViewController.swift */; };
		D5657E1E22CC3D710080A378 /* Main.storyboard in Resources */ = {isa = PBXBuildFile; fileRef = D5657E1C22CC3D710080A378 /* Main.storyboard */; };
		D5657E2022CC3D720080A378 /* Assets.xcassets in Resources */ = {isa = PBXBuildFile; fileRef = D5657E1F22CC3D720080A378 /* Assets.xcassets */; };
		D5657E2322CC3D720080A378 /* LaunchScreen.storyboard in Resources */ = {isa = PBXBuildFile; fileRef = D5657E2122CC3D720080A378 /* LaunchScreen.storyboard */; };
		D5657E2E22CC3D720080A378 /* DjApplicationTests.swift in Sources */ = {isa = PBXBuildFile; fileRef = D5657E2D22CC3D720080A378 /* DjApplicationTests.swift */; };
		D5657E3922CC3D720080A378 /* DjApplicationUITests.swift in Sources */ = {isa = PBXBuildFile; fileRef = D5657E3822CC3D720080A378 /* DjApplicationUITests.swift */; };
		D567BB7722E398B100292778 /* DesignableSlider.swift in Sources */ = {isa = PBXBuildFile; fileRef = D567BB7622E398B100292778 /* DesignableSlider.swift */; };
		D5845F2822DD47310035D1BC /* RightSongSelectionViewController.swift in Sources */ = {isa = PBXBuildFile; fileRef = D5845F2722DD47310035D1BC /* RightSongSelectionViewController.swift */; };
		D5845F3622DD4B440035D1BC /* Secrets.mp3 in Resources */ = {isa = PBXBuildFile; fileRef = D5845F2C22DD4B410035D1BC /* Secrets.mp3 */; };
		D5845F3722DD4B440035D1BC /* DJ Got Us.mp3 in Resources */ = {isa = PBXBuildFile; fileRef = D5845F2D22DD4B410035D1BC /* DJ Got Us.mp3 */; };
		D5845F3822DD4B440035D1BC /* Febreze.mp3 in Resources */ = {isa = PBXBuildFile; fileRef = D5845F2E22DD4B420035D1BC /* Febreze.mp3 */; };
		D5845F3922DD4B440035D1BC /* Forbidden Voices.mp3 in Resources */ = {isa = PBXBuildFile; fileRef = D5845F2F22DD4B420035D1BC /* Forbidden Voices.mp3 */; };
		D5845F3A22DD4B440035D1BC /* Get Low.mp3 in Resources */ = {isa = PBXBuildFile; fileRef = D5845F3022DD4B420035D1BC /* Get Low.mp3 */; };
		D5845F3B22DD4B440035D1BC /* Magenta Riddim.mp3 in Resources */ = {isa = PBXBuildFile; fileRef = D5845F3122DD4B430035D1BC /* Magenta Riddim.mp3 */; };
		D5845F3C22DD4B440035D1BC /* Purple Lamborghini.mp3 in Resources */ = {isa = PBXBuildFile; fileRef = D5845F3222DD4B430035D1BC /* Purple Lamborghini.mp3 */; };
		D5845F3D22DD4B440035D1BC /* Pursuit of Happiness.mp3 in Resources */ = {isa = PBXBuildFile; fileRef = D5845F3322DD4B440035D1BC /* Pursuit of Happiness.mp3 */; };
		D5845F3E22DD4B440035D1BC /* Yeah.mp3 in Resources */ = {isa = PBXBuildFile; fileRef = D5845F3422DD4B440035D1BC /* Yeah.mp3 */; };
		D5845F3F22DD4B440035D1BC /* Sexy Bitch.mp3 in Resources */ = {isa = PBXBuildFile; fileRef = D5845F3522DD4B440035D1BC /* Sexy Bitch.mp3 */; };
		D5845F4322E1574B0035D1BC /* NotificationNameExtension.swift in Sources */ = {isa = PBXBuildFile; fileRef = D5845F4222E1574B0035D1BC /* NotificationNameExtension.swift */; };
		D5845F4522E2B5590035D1BC /* emptyaudio.mp3 in Resources */ = {isa = PBXBuildFile; fileRef = D5845F4422E2B5590035D1BC /* emptyaudio.mp3 */; };
		D599CE6D22D6965A00620F96 /* SamplerPopupViewController.swift in Sources */ = {isa = PBXBuildFile; fileRef = D599CE6C22D6965A00620F96 /* SamplerPopupViewController.swift */; };
		D599CE7122D6B52E00620F96 /* ka-ching.mp3 in Resources */ = {isa = PBXBuildFile; fileRef = D599CE7022D6B52E00620F96 /* ka-ching.mp3 */; };
		D599CE7B22D6C52200620F96 /* airhorn.mp3 in Resources */ = {isa = PBXBuildFile; fileRef = D599CE7A22D6C52200620F96 /* airhorn.mp3 */; };
		D599CE7D22D7E08500620F96 /* drake.mp3 in Resources */ = {isa = PBXBuildFile; fileRef = D599CE7C22D7E08500620F96 /* drake.mp3 */; };
		D599CE7F22D7E39100620F96 /* Skrskr.mp3 in Resources */ = {isa = PBXBuildFile; fileRef = D599CE7E22D7E39100620F96 /* Skrskr.mp3 */; };
		D599CE8322D7E9A700620F96 /* LeftSamplerPopupViewController.swift in Sources */ = {isa = PBXBuildFile; fileRef = D599CE8222D7E9A700620F96 /* LeftSamplerPopupViewController.swift */; };
		D599CE8722D9737200620F96 /* mlg-airhorn.mp3 in Resources */ = {isa = PBXBuildFile; fileRef = D599CE8622D9737200620F96 /* mlg-airhorn.mp3 */; };
		D5C787F022DC039200D92904 /* RightHotCuesViewController.swift in Sources */ = {isa = PBXBuildFile; fileRef = D5C787EF22DC039100D92904 /* RightHotCuesViewController.swift */; };
		D5C787F422DC0C7A00D92904 /* LeftHotCuesViewController.swift in Sources */ = {isa = PBXBuildFile; fileRef = D5C787F322DC0C7A00D92904 /* LeftHotCuesViewController.swift */; };
/* End PBXBuildFile section */

/* Begin PBXContainerItemProxy section */
		D5657E2A22CC3D720080A378 /* PBXContainerItemProxy */ = {
			isa = PBXContainerItemProxy;
			containerPortal = D5657E0D22CC3D710080A378 /* Project object */;
			proxyType = 1;
			remoteGlobalIDString = D5657E1422CC3D710080A378;
			remoteInfo = DjApplication;
		};
		D5657E3522CC3D720080A378 /* PBXContainerItemProxy */ = {
			isa = PBXContainerItemProxy;
			containerPortal = D5657E0D22CC3D710080A378 /* Project object */;
			proxyType = 1;
			remoteGlobalIDString = D5657E1422CC3D710080A378;
			remoteInfo = DjApplication;
		};
/* End PBXContainerItemProxy section */

/* Begin PBXFileReference section */
		5F0593EC22DF7BD800DD357A /* LeftLoopViewController.swift */ = {isa = PBXFileReference; lastKnownFileType = sourcecode.swift; path = LeftLoopViewController.swift; sourceTree = "<group>"; };
		5F0593EE22DF7DBE00DD357A /* RightLoopViewController.swift */ = {isa = PBXFileReference; lastKnownFileType = sourcecode.swift; path = RightLoopViewController.swift; sourceTree = "<group>"; };
		5F7813A222EC00DE008F38C7 /* Rotation.swift */ = {isa = PBXFileReference; lastKnownFileType = sourcecode.swift; path = Rotation.swift; sourceTree = "<group>"; };
		5FA9936322DF691C00B1C45D /* LeftEQViewController.swift */ = {isa = PBXFileReference; lastKnownFileType = sourcecode.swift; path = LeftEQViewController.swift; sourceTree = "<group>"; };
		5FA9936522DF6BE200B1C45D /* RightEQViewController.swift */ = {isa = PBXFileReference; lastKnownFileType = sourcecode.swift; path = RightEQViewController.swift; sourceTree = "<group>"; };
		D5638218230233B900AE17E5 /* LeftSongSelectionViewController.swift */ = {isa = PBXFileReference; lastKnownFileType = sourcecode.swift; path = LeftSongSelectionViewController.swift; sourceTree = "<group>"; };
		D5657E1522CC3D710080A378 /* DjApplication.app */ = {isa = PBXFileReference; explicitFileType = wrapper.application; includeInIndex = 0; path = DjApplication.app; sourceTree = BUILT_PRODUCTS_DIR; };
		D5657E1822CC3D710080A378 /* AppDelegate.swift */ = {isa = PBXFileReference; lastKnownFileType = sourcecode.swift; path = AppDelegate.swift; sourceTree = "<group>"; };
		D5657E1A22CC3D710080A378 /* ViewController.swift */ = {isa = PBXFileReference; lastKnownFileType = sourcecode.swift; path = ViewController.swift; sourceTree = "<group>"; };
		D5657E1D22CC3D710080A378 /* Base */ = {isa = PBXFileReference; lastKnownFileType = file.storyboard; name = Base; path = Base.lproj/Main.storyboard; sourceTree = "<group>"; };
		D5657E1F22CC3D720080A378 /* Assets.xcassets */ = {isa = PBXFileReference; lastKnownFileType = folder.assetcatalog; path = Assets.xcassets; sourceTree = "<group>"; };
		D5657E2222CC3D720080A378 /* Base */ = {isa = PBXFileReference; lastKnownFileType = file.storyboard; name = Base; path = Base.lproj/LaunchScreen.storyboard; sourceTree = "<group>"; };
		D5657E2422CC3D720080A378 /* Info.plist */ = {isa = PBXFileReference; lastKnownFileType = text.plist.xml; path = Info.plist; sourceTree = "<group>"; };
		D5657E2922CC3D720080A378 /* DjApplicationTests.xctest */ = {isa = PBXFileReference; explicitFileType = wrapper.cfbundle; includeInIndex = 0; path = DjApplicationTests.xctest; sourceTree = BUILT_PRODUCTS_DIR; };
		D5657E2D22CC3D720080A378 /* DjApplicationTests.swift */ = {isa = PBXFileReference; lastKnownFileType = sourcecode.swift; path = DjApplicationTests.swift; sourceTree = "<group>"; };
		D5657E2F22CC3D720080A378 /* Info.plist */ = {isa = PBXFileReference; lastKnownFileType = text.plist.xml; path = Info.plist; sourceTree = "<group>"; };
		D5657E3422CC3D720080A378 /* DjApplicationUITests.xctest */ = {isa = PBXFileReference; explicitFileType = wrapper.cfbundle; includeInIndex = 0; path = DjApplicationUITests.xctest; sourceTree = BUILT_PRODUCTS_DIR; };
		D5657E3822CC3D720080A378 /* DjApplicationUITests.swift */ = {isa = PBXFileReference; lastKnownFileType = sourcecode.swift; path = DjApplicationUITests.swift; sourceTree = "<group>"; };
		D5657E3A22CC3D720080A378 /* Info.plist */ = {isa = PBXFileReference; lastKnownFileType = text.plist.xml; path = Info.plist; sourceTree = "<group>"; };
		D567BB7622E398B100292778 /* DesignableSlider.swift */ = {isa = PBXFileReference; lastKnownFileType = sourcecode.swift; path = DesignableSlider.swift; sourceTree = "<group>"; };
		D5845F2722DD47310035D1BC /* RightSongSelectionViewController.swift */ = {isa = PBXFileReference; lastKnownFileType = sourcecode.swift; path = RightSongSelectionViewController.swift; sourceTree = "<group>"; };
		D5845F2C22DD4B410035D1BC /* Secrets.mp3 */ = {isa = PBXFileReference; lastKnownFileType = audio.mp3; path = Secrets.mp3; sourceTree = "<group>"; };
		D5845F2D22DD4B410035D1BC /* DJ Got Us.mp3 */ = {isa = PBXFileReference; lastKnownFileType = audio.mp3; path = "DJ Got Us.mp3"; sourceTree = "<group>"; };
		D5845F2E22DD4B420035D1BC /* Febreze.mp3 */ = {isa = PBXFileReference; lastKnownFileType = audio.mp3; path = Febreze.mp3; sourceTree = "<group>"; };
		D5845F2F22DD4B420035D1BC /* Forbidden Voices.mp3 */ = {isa = PBXFileReference; lastKnownFileType = audio.mp3; path = "Forbidden Voices.mp3"; sourceTree = "<group>"; };
		D5845F3022DD4B420035D1BC /* Get Low.mp3 */ = {isa = PBXFileReference; lastKnownFileType = audio.mp3; path = "Get Low.mp3"; sourceTree = "<group>"; };
		D5845F3122DD4B430035D1BC /* Magenta Riddim.mp3 */ = {isa = PBXFileReference; lastKnownFileType = audio.mp3; path = "Magenta Riddim.mp3"; sourceTree = "<group>"; };
		D5845F3222DD4B430035D1BC /* Purple Lamborghini.mp3 */ = {isa = PBXFileReference; lastKnownFileType = audio.mp3; path = "Purple Lamborghini.mp3"; sourceTree = "<group>"; };
		D5845F3322DD4B440035D1BC /* Pursuit of Happiness.mp3 */ = {isa = PBXFileReference; lastKnownFileType = audio.mp3; path = "Pursuit of Happiness.mp3"; sourceTree = "<group>"; };
		D5845F3422DD4B440035D1BC /* Yeah.mp3 */ = {isa = PBXFileReference; lastKnownFileType = audio.mp3; path = Yeah.mp3; sourceTree = "<group>"; };
		D5845F3522DD4B440035D1BC /* Sexy Bitch.mp3 */ = {isa = PBXFileReference; lastKnownFileType = audio.mp3; path = "Sexy Bitch.mp3"; sourceTree = "<group>"; };
		D5845F4222E1574B0035D1BC /* NotificationNameExtension.swift */ = {isa = PBXFileReference; lastKnownFileType = sourcecode.swift; path = NotificationNameExtension.swift; sourceTree = "<group>"; };
		D5845F4422E2B5590035D1BC /* emptyaudio.mp3 */ = {isa = PBXFileReference; lastKnownFileType = audio.mp3; path = emptyaudio.mp3; sourceTree = "<group>"; };
		D599CE6C22D6965A00620F96 /* SamplerPopupViewController.swift */ = {isa = PBXFileReference; lastKnownFileType = sourcecode.swift; path = SamplerPopupViewController.swift; sourceTree = "<group>"; };
		D599CE7022D6B52E00620F96 /* ka-ching.mp3 */ = {isa = PBXFileReference; lastKnownFileType = audio.mp3; path = "ka-ching.mp3"; sourceTree = "<group>"; };
		D599CE7A22D6C52200620F96 /* airhorn.mp3 */ = {isa = PBXFileReference; lastKnownFileType = audio.mp3; path = airhorn.mp3; sourceTree = "<group>"; };
		D599CE7C22D7E08500620F96 /* drake.mp3 */ = {isa = PBXFileReference; lastKnownFileType = audio.mp3; path = drake.mp3; sourceTree = "<group>"; };
		D599CE7E22D7E39100620F96 /* Skrskr.mp3 */ = {isa = PBXFileReference; lastKnownFileType = audio.mp3; path = Skrskr.mp3; sourceTree = "<group>"; };
		D599CE8222D7E9A700620F96 /* LeftSamplerPopupViewController.swift */ = {isa = PBXFileReference; lastKnownFileType = sourcecode.swift; path = LeftSamplerPopupViewController.swift; sourceTree = "<group>"; };
		D599CE8622D9737200620F96 /* mlg-airhorn.mp3 */ = {isa = PBXFileReference; lastKnownFileType = audio.mp3; path = "mlg-airhorn.mp3"; sourceTree = "<group>"; };
		D5C787EF22DC039100D92904 /* RightHotCuesViewController.swift */ = {isa = PBXFileReference; lastKnownFileType = sourcecode.swift; path = RightHotCuesViewController.swift; sourceTree = "<group>"; };
		D5C787F322DC0C7A00D92904 /* LeftHotCuesViewController.swift */ = {isa = PBXFileReference; lastKnownFileType = sourcecode.swift; path = LeftHotCuesViewController.swift; sourceTree = "<group>"; };
/* End PBXFileReference section */

/* Begin PBXFrameworksBuildPhase section */
		D5657E1222CC3D710080A378 /* Frameworks */ = {
			isa = PBXFrameworksBuildPhase;
			buildActionMask = 2147483647;
			files = (
			);
			runOnlyForDeploymentPostprocessing = 0;
		};
		D5657E2622CC3D720080A378 /* Frameworks */ = {
			isa = PBXFrameworksBuildPhase;
			buildActionMask = 2147483647;
			files = (
			);
			runOnlyForDeploymentPostprocessing = 0;
		};
		D5657E3122CC3D720080A378 /* Frameworks */ = {
			isa = PBXFrameworksBuildPhase;
			buildActionMask = 2147483647;
			files = (
			);
			runOnlyForDeploymentPostprocessing = 0;
		};
/* End PBXFrameworksBuildPhase section */

/* Begin PBXGroup section */
		D5657E0C22CC3D710080A378 = {
			isa = PBXGroup;
			children = (
				D5657E1722CC3D710080A378 /* DjApplication */,
				D5657E2C22CC3D720080A378 /* DjApplicationTests */,
				D5657E3722CC3D720080A378 /* DjApplicationUITests */,
				D5657E1622CC3D710080A378 /* Products */,
			);
			sourceTree = "<group>";
		};
		D5657E1622CC3D710080A378 /* Products */ = {
			isa = PBXGroup;
			children = (
				D5657E1522CC3D710080A378 /* DjApplication.app */,
				D5657E2922CC3D720080A378 /* DjApplicationTests.xctest */,
				D5657E3422CC3D720080A378 /* DjApplicationUITests.xctest */,
			);
			name = Products;
			sourceTree = "<group>";
		};
		D5657E1722CC3D710080A378 /* DjApplication */ = {
			isa = PBXGroup;
			children = (
				D5657E1C22CC3D710080A378 /* Main.storyboard */,
				D5657E1822CC3D710080A378 /* AppDelegate.swift */,
				D5657E1A22CC3D710080A378 /* ViewController.swift */,
				D599CE6C22D6965A00620F96 /* SamplerPopupViewController.swift */,
				D5845F2722DD47310035D1BC /* RightSongSelectionViewController.swift */,
				D599CE8222D7E9A700620F96 /* LeftSamplerPopupViewController.swift */,
				D5845F4222E1574B0035D1BC /* NotificationNameExtension.swift */,
				D5638218230233B900AE17E5 /* LeftSongSelectionViewController.swift */,
				D5C787F322DC0C7A00D92904 /* LeftHotCuesViewController.swift */,
				D5C787EF22DC039100D92904 /* RightHotCuesViewController.swift */,
				5FA9936322DF691C00B1C45D /* LeftEQViewController.swift */,
				D567BB7622E398B100292778 /* DesignableSlider.swift */,
				5FA9936522DF6BE200B1C45D /* RightEQViewController.swift */,
				5F0593EC22DF7BD800DD357A /* LeftLoopViewController.swift */,
				5F0593EE22DF7DBE00DD357A /* RightLoopViewController.swift */,
				5F7813A222EC00DE008F38C7 /* Rotation.swift */,
				D5657E1F22CC3D720080A378 /* Assets.xcassets */,
				D5657E2122CC3D720080A378 /* LaunchScreen.storyboard */,
				D5657E2422CC3D720080A378 /* Info.plist */,
				D5845F2B22DD4A190035D1BC /* Songs */,
				D599CE6F22D6B4E600620F96 /* Sampler Sounds */,
			);
			path = DjApplication;
			sourceTree = "<group>";
		};
		D5657E2C22CC3D720080A378 /* DjApplicationTests */ = {
			isa = PBXGroup;
			children = (
				D5657E2D22CC3D720080A378 /* DjApplicationTests.swift */,
				D5657E2F22CC3D720080A378 /* Info.plist */,
			);
			path = DjApplicationTests;
			sourceTree = "<group>";
		};
		D5657E3722CC3D720080A378 /* DjApplicationUITests */ = {
			isa = PBXGroup;
			children = (
				D5657E3822CC3D720080A378 /* DjApplicationUITests.swift */,
				D5657E3A22CC3D720080A378 /* Info.plist */,
			);
			path = DjApplicationUITests;
			sourceTree = "<group>";
		};
		D5845F2B22DD4A190035D1BC /* Songs */ = {
			isa = PBXGroup;
			children = (
				D5845F2D22DD4B410035D1BC /* DJ Got Us.mp3 */,
				D5845F2E22DD4B420035D1BC /* Febreze.mp3 */,
				D5845F2F22DD4B420035D1BC /* Forbidden Voices.mp3 */,
				D5845F3022DD4B420035D1BC /* Get Low.mp3 */,
				D5845F3122DD4B430035D1BC /* Magenta Riddim.mp3 */,
				D5845F3222DD4B430035D1BC /* Purple Lamborghini.mp3 */,
				D5845F3322DD4B440035D1BC /* Pursuit of Happiness.mp3 */,
				D5845F2C22DD4B410035D1BC /* Secrets.mp3 */,
				D5845F3522DD4B440035D1BC /* Sexy Bitch.mp3 */,
				D5845F3422DD4B440035D1BC /* Yeah.mp3 */,
			);
			path = Songs;
			sourceTree = "<group>";
		};
		D599CE6F22D6B4E600620F96 /* Sampler Sounds */ = {
			isa = PBXGroup;
			children = (
				D599CE7A22D6C52200620F96 /* airhorn.mp3 */,
				D599CE7E22D7E39100620F96 /* Skrskr.mp3 */,
				D5845F4422E2B5590035D1BC /* emptyaudio.mp3 */,
				D599CE7C22D7E08500620F96 /* drake.mp3 */,
				D599CE8622D9737200620F96 /* mlg-airhorn.mp3 */,
				D599CE7022D6B52E00620F96 /* ka-ching.mp3 */,
			);
			path = "Sampler Sounds";
			sourceTree = "<group>";
		};
/* End PBXGroup section */

/* Begin PBXNativeTarget section */
		D5657E1422CC3D710080A378 /* DjApplication */ = {
			isa = PBXNativeTarget;
			buildConfigurationList = D5657E3D22CC3D720080A378 /* Build configuration list for PBXNativeTarget "DjApplication" */;
			buildPhases = (
				D5657E1122CC3D710080A378 /* Sources */,
				D5657E1222CC3D710080A378 /* Frameworks */,
				D5657E1322CC3D710080A378 /* Resources */,
			);
			buildRules = (
			);
			dependencies = (
			);
			name = DjApplication;
			productName = DjApplication;
			productReference = D5657E1522CC3D710080A378 /* DjApplication.app */;
			productType = "com.apple.product-type.application";
		};
		D5657E2822CC3D720080A378 /* DjApplicationTests */ = {
			isa = PBXNativeTarget;
			buildConfigurationList = D5657E4022CC3D720080A378 /* Build configuration list for PBXNativeTarget "DjApplicationTests" */;
			buildPhases = (
				D5657E2522CC3D720080A378 /* Sources */,
				D5657E2622CC3D720080A378 /* Frameworks */,
				D5657E2722CC3D720080A378 /* Resources */,
			);
			buildRules = (
			);
			dependencies = (
				D5657E2B22CC3D720080A378 /* PBXTargetDependency */,
			);
			name = DjApplicationTests;
			productName = DjApplicationTests;
			productReference = D5657E2922CC3D720080A378 /* DjApplicationTests.xctest */;
			productType = "com.apple.product-type.bundle.unit-test";
		};
		D5657E3322CC3D720080A378 /* DjApplicationUITests */ = {
			isa = PBXNativeTarget;
			buildConfigurationList = D5657E4322CC3D720080A378 /* Build configuration list for PBXNativeTarget "DjApplicationUITests" */;
			buildPhases = (
				D5657E3022CC3D720080A378 /* Sources */,
				D5657E3122CC3D720080A378 /* Frameworks */,
				D5657E3222CC3D720080A378 /* Resources */,
			);
			buildRules = (
			);
			dependencies = (
				D5657E3622CC3D720080A378 /* PBXTargetDependency */,
			);
			name = DjApplicationUITests;
			productName = DjApplicationUITests;
			productReference = D5657E3422CC3D720080A378 /* DjApplicationUITests.xctest */;
			productType = "com.apple.product-type.bundle.ui-testing";
		};
/* End PBXNativeTarget section */

/* Begin PBXProject section */
		D5657E0D22CC3D710080A378 /* Project object */ = {
			isa = PBXProject;
			attributes = {
				LastSwiftUpdateCheck = 1020;
				LastUpgradeCheck = 1020;
				ORGANIZATIONNAME = "Arihant Jain";
				TargetAttributes = {
					D5657E1422CC3D710080A378 = {
						CreatedOnToolsVersion = 10.2.1;
						SystemCapabilities = {
							com.apple.BackgroundModes = {
								enabled = 1;
							};
						};
					};
					D5657E2822CC3D720080A378 = {
						CreatedOnToolsVersion = 10.2.1;
						TestTargetID = D5657E1422CC3D710080A378;
					};
					D5657E3322CC3D720080A378 = {
						CreatedOnToolsVersion = 10.2.1;
						TestTargetID = D5657E1422CC3D710080A378;
					};
				};
			};
			buildConfigurationList = D5657E1022CC3D710080A378 /* Build configuration list for PBXProject "DjApplication" */;
			compatibilityVersion = "Xcode 9.3";
			developmentRegion = en;
			hasScannedForEncodings = 0;
			knownRegions = (
				en,
				Base,
			);
			mainGroup = D5657E0C22CC3D710080A378;
			productRefGroup = D5657E1622CC3D710080A378 /* Products */;
			projectDirPath = "";
			projectRoot = "";
			targets = (
				D5657E1422CC3D710080A378 /* DjApplication */,
				D5657E2822CC3D720080A378 /* DjApplicationTests */,
				D5657E3322CC3D720080A378 /* DjApplicationUITests */,
			);
		};
/* End PBXProject section */

/* Begin PBXResourcesBuildPhase section */
		D5657E1322CC3D710080A378 /* Resources */ = {
			isa = PBXResourcesBuildPhase;
			buildActionMask = 2147483647;
			files = (
				D599CE7F22D7E39100620F96 /* Skrskr.mp3 in Resources */,
				D5845F3F22DD4B440035D1BC /* Sexy Bitch.mp3 in Resources */,
				D5845F4522E2B5590035D1BC /* emptyaudio.mp3 in Resources */,
				D599CE7D22D7E08500620F96 /* drake.mp3 in Resources */,
				D5845F3D22DD4B440035D1BC /* Pursuit of Happiness.mp3 in Resources */,
				D5845F3822DD4B440035D1BC /* Febreze.mp3 in Resources */,
				D599CE7122D6B52E00620F96 /* ka-ching.mp3 in Resources */,
				D5845F3922DD4B440035D1BC /* Forbidden Voices.mp3 in Resources */,
				D5845F3A22DD4B440035D1BC /* Get Low.mp3 in Resources */,
				D5845F3722DD4B440035D1BC /* DJ Got Us.mp3 in Resources */,
				D5845F3622DD4B440035D1BC /* Secrets.mp3 in Resources */,
				D5657E2322CC3D720080A378 /* LaunchScreen.storyboard in Resources */,
				D5657E2022CC3D720080A378 /* Assets.xcassets in Resources */,
				D5845F3C22DD4B440035D1BC /* Purple Lamborghini.mp3 in Resources */,
				D599CE8722D9737200620F96 /* mlg-airhorn.mp3 in Resources */,
				D599CE7B22D6C52200620F96 /* airhorn.mp3 in Resources */,
				D5845F3B22DD4B440035D1BC /* Magenta Riddim.mp3 in Resources */,
				D5657E1E22CC3D710080A378 /* Main.storyboard in Resources */,
				D5845F3E22DD4B440035D1BC /* Yeah.mp3 in Resources */,
			);
			runOnlyForDeploymentPostprocessing = 0;
		};
		D5657E2722CC3D720080A378 /* Resources */ = {
			isa = PBXResourcesBuildPhase;
			buildActionMask = 2147483647;
			files = (
			);
			runOnlyForDeploymentPostprocessing = 0;
		};
		D5657E3222CC3D720080A378 /* Resources */ = {
			isa = PBXResourcesBuildPhase;
			buildActionMask = 2147483647;
			files = (
			);
			runOnlyForDeploymentPostprocessing = 0;
		};
/* End PBXResourcesBuildPhase section */

/* Begin PBXSourcesBuildPhase section */
		D5657E1122CC3D710080A378 /* Sources */ = {
			isa = PBXSourcesBuildPhase;
			buildActionMask = 2147483647;
			files = (
				D599CE6D22D6965A00620F96 /* SamplerPopupViewController.swift in Sources */,
				5FA9936622DF6BE200B1C45D /* RightEQViewController.swift in Sources */,
				D599CE8322D7E9A700620F96 /* LeftSamplerPopupViewController.swift in Sources */,
				D5845F4322E1574B0035D1BC /* NotificationNameExtension.swift in Sources */,
				D5657E1B22CC3D710080A378 /* ViewController.swift in Sources */,
				D5657E1922CC3D710080A378 /* AppDelegate.swift in Sources */,
				5F0593ED22DF7BD800DD357A /* LeftLoopViewController.swift in Sources */,
				5F7813A322EC00DE008F38C7 /* Rotation.swift in Sources */,
				D5C787F022DC039200D92904 /* RightHotCuesViewController.swift in Sources */,
				5F0593EF22DF7DBE00DD357A /* RightLoopViewController.swift in Sources */,
				D567BB7722E398B100292778 /* DesignableSlider.swift in Sources */,
				5FA9936422DF691C00B1C45D /* LeftEQViewController.swift in Sources */,
				D5845F2822DD47310035D1BC /* RightSongSelectionViewController.swift in Sources */,
				D5638219230233B900AE17E5 /* LeftSongSelectionViewController.swift in Sources */,
				D5C787F422DC0C7A00D92904 /* LeftHotCuesViewController.swift in Sources */,
			);
			runOnlyForDeploymentPostprocessing = 0;
		};
		D5657E2522CC3D720080A378 /* Sources */ = {
			isa = PBXSourcesBuildPhase;
			buildActionMask = 2147483647;
			files = (
				D5657E2E22CC3D720080A378 /* DjApplicationTests.swift in Sources */,
			);
			runOnlyForDeploymentPostprocessing = 0;
		};
		D5657E3022CC3D720080A378 /* Sources */ = {
			isa = PBXSourcesBuildPhase;
			buildActionMask = 2147483647;
			files = (
				D5657E3922CC3D720080A378 /* DjApplicationUITests.swift in Sources */,
			);
			runOnlyForDeploymentPostprocessing = 0;
		};
/* End PBXSourcesBuildPhase section */

/* Begin PBXTargetDependency section */
		D5657E2B22CC3D720080A378 /* PBXTargetDependency */ = {
			isa = PBXTargetDependency;
			target = D5657E1422CC3D710080A378 /* DjApplication */;
			targetProxy = D5657E2A22CC3D720080A378 /* PBXContainerItemProxy */;
		};
		D5657E3622CC3D720080A378 /* PBXTargetDependency */ = {
			isa = PBXTargetDependency;
			target = D5657E1422CC3D710080A378 /* DjApplication */;
			targetProxy = D5657E3522CC3D720080A378 /* PBXContainerItemProxy */;
		};
/* End PBXTargetDependency section */

/* Begin PBXVariantGroup section */
		D5657E1C22CC3D710080A378 /* Main.storyboard */ = {
			isa = PBXVariantGroup;
			children = (
				D5657E1D22CC3D710080A378 /* Base */,
			);
			name = Main.storyboard;
			sourceTree = "<group>";
		};
		D5657E2122CC3D720080A378 /* LaunchScreen.storyboard */ = {
			isa = PBXVariantGroup;
			children = (
				D5657E2222CC3D720080A378 /* Base */,
			);
			name = LaunchScreen.storyboard;
			sourceTree = "<group>";
		};
/* End PBXVariantGroup section */

/* Begin XCBuildConfiguration section */
		D5657E3B22CC3D720080A378 /* Debug */ = {
			isa = XCBuildConfiguration;
			buildSettings = {
				ALWAYS_SEARCH_USER_PATHS = NO;
				CLANG_ANALYZER_NONNULL = YES;
				CLANG_ANALYZER_NUMBER_OBJECT_CONVERSION = YES_AGGRESSIVE;
				CLANG_CXX_LANGUAGE_STANDARD = "gnu++14";
				CLANG_CXX_LIBRARY = "libc++";
				CLANG_ENABLE_MODULES = YES;
				CLANG_ENABLE_OBJC_ARC = YES;
				CLANG_ENABLE_OBJC_WEAK = YES;
				CLANG_WARN_BLOCK_CAPTURE_AUTORELEASING = YES;
				CLANG_WARN_BOOL_CONVERSION = YES;
				CLANG_WARN_COMMA = YES;
				CLANG_WARN_CONSTANT_CONVERSION = YES;
				CLANG_WARN_DEPRECATED_OBJC_IMPLEMENTATIONS = YES;
				CLANG_WARN_DIRECT_OBJC_ISA_USAGE = YES_ERROR;
				CLANG_WARN_DOCUMENTATION_COMMENTS = YES;
				CLANG_WARN_EMPTY_BODY = YES;
				CLANG_WARN_ENUM_CONVERSION = YES;
				CLANG_WARN_INFINITE_RECURSION = YES;
				CLANG_WARN_INT_CONVERSION = YES;
				CLANG_WARN_NON_LITERAL_NULL_CONVERSION = YES;
				CLANG_WARN_OBJC_IMPLICIT_RETAIN_SELF = YES;
				CLANG_WARN_OBJC_LITERAL_CONVERSION = YES;
				CLANG_WARN_OBJC_ROOT_CLASS = YES_ERROR;
				CLANG_WARN_RANGE_LOOP_ANALYSIS = YES;
				CLANG_WARN_STRICT_PROTOTYPES = YES;
				CLANG_WARN_SUSPICIOUS_MOVE = YES;
				CLANG_WARN_UNGUARDED_AVAILABILITY = YES_AGGRESSIVE;
				CLANG_WARN_UNREACHABLE_CODE = YES;
				CLANG_WARN__DUPLICATE_METHOD_MATCH = YES;
				CODE_SIGN_IDENTITY = "iPhone Developer";
				COPY_PHASE_STRIP = NO;
				DEBUG_INFORMATION_FORMAT = dwarf;
				ENABLE_STRICT_OBJC_MSGSEND = YES;
				ENABLE_TESTABILITY = YES;
				GCC_C_LANGUAGE_STANDARD = gnu11;
				GCC_DYNAMIC_NO_PIC = NO;
				GCC_NO_COMMON_BLOCKS = YES;
				GCC_OPTIMIZATION_LEVEL = 0;
				GCC_PREPROCESSOR_DEFINITIONS = (
					"DEBUG=1",
					"$(inherited)",
				);
				GCC_WARN_64_TO_32_BIT_CONVERSION = YES;
				GCC_WARN_ABOUT_RETURN_TYPE = YES_ERROR;
				GCC_WARN_UNDECLARED_SELECTOR = YES;
				GCC_WARN_UNINITIALIZED_AUTOS = YES_AGGRESSIVE;
				GCC_WARN_UNUSED_FUNCTION = YES;
				GCC_WARN_UNUSED_VARIABLE = YES;
				IPHONEOS_DEPLOYMENT_TARGET = 12.2;
				MTL_ENABLE_DEBUG_INFO = INCLUDE_SOURCE;
				MTL_FAST_MATH = YES;
				ONLY_ACTIVE_ARCH = YES;
				SDKROOT = iphoneos;
				SWIFT_ACTIVE_COMPILATION_CONDITIONS = DEBUG;
				SWIFT_OPTIMIZATION_LEVEL = "-Onone";
			};
			name = Debug;
		};
		D5657E3C22CC3D720080A378 /* Release */ = {
			isa = XCBuildConfiguration;
			buildSettings = {
				ALWAYS_SEARCH_USER_PATHS = NO;
				CLANG_ANALYZER_NONNULL = YES;
				CLANG_ANALYZER_NUMBER_OBJECT_CONVERSION = YES_AGGRESSIVE;
				CLANG_CXX_LANGUAGE_STANDARD = "gnu++14";
				CLANG_CXX_LIBRARY = "libc++";
				CLANG_ENABLE_MODULES = YES;
				CLANG_ENABLE_OBJC_ARC = YES;
				CLANG_ENABLE_OBJC_WEAK = YES;
				CLANG_WARN_BLOCK_CAPTURE_AUTORELEASING = YES;
				CLANG_WARN_BOOL_CONVERSION = YES;
				CLANG_WARN_COMMA = YES;
				CLANG_WARN_CONSTANT_CONVERSION = YES;
				CLANG_WARN_DEPRECATED_OBJC_IMPLEMENTATIONS = YES;
				CLANG_WARN_DIRECT_OBJC_ISA_USAGE = YES_ERROR;
				CLANG_WARN_DOCUMENTATION_COMMENTS = YES;
				CLANG_WARN_EMPTY_BODY = YES;
				CLANG_WARN_ENUM_CONVERSION = YES;
				CLANG_WARN_INFINITE_RECURSION = YES;
				CLANG_WARN_INT_CONVERSION = YES;
				CLANG_WARN_NON_LITERAL_NULL_CONVERSION = YES;
				CLANG_WARN_OBJC_IMPLICIT_RETAIN_SELF = YES;
				CLANG_WARN_OBJC_LITERAL_CONVERSION = YES;
				CLANG_WARN_OBJC_ROOT_CLASS = YES_ERROR;
				CLANG_WARN_RANGE_LOOP_ANALYSIS = YES;
				CLANG_WARN_STRICT_PROTOTYPES = YES;
				CLANG_WARN_SUSPICIOUS_MOVE = YES;
				CLANG_WARN_UNGUARDED_AVAILABILITY = YES_AGGRESSIVE;
				CLANG_WARN_UNREACHABLE_CODE = YES;
				CLANG_WARN__DUPLICATE_METHOD_MATCH = YES;
				CODE_SIGN_IDENTITY = "iPhone Developer";
				COPY_PHASE_STRIP = NO;
				DEBUG_INFORMATION_FORMAT = "dwarf-with-dsym";
				ENABLE_NS_ASSERTIONS = NO;
				ENABLE_STRICT_OBJC_MSGSEND = YES;
				GCC_C_LANGUAGE_STANDARD = gnu11;
				GCC_NO_COMMON_BLOCKS = YES;
				GCC_WARN_64_TO_32_BIT_CONVERSION = YES;
				GCC_WARN_ABOUT_RETURN_TYPE = YES_ERROR;
				GCC_WARN_UNDECLARED_SELECTOR = YES;
				GCC_WARN_UNINITIALIZED_AUTOS = YES_AGGRESSIVE;
				GCC_WARN_UNUSED_FUNCTION = YES;
				GCC_WARN_UNUSED_VARIABLE = YES;
				IPHONEOS_DEPLOYMENT_TARGET = 12.2;
				MTL_ENABLE_DEBUG_INFO = NO;
				MTL_FAST_MATH = YES;
				SDKROOT = iphoneos;
				SWIFT_COMPILATION_MODE = wholemodule;
				SWIFT_OPTIMIZATION_LEVEL = "-O";
				VALIDATE_PRODUCT = YES;
			};
			name = Release;
		};
		D5657E3E22CC3D720080A378 /* Debug */ = {
			isa = XCBuildConfiguration;
			buildSettings = {
				ASSETCATALOG_COMPILER_APPICON_NAME = AppIcon;
				CODE_SIGN_STYLE = Automatic;
				INFOPLIST_FILE = DjApplication/Info.plist;
				LD_RUNPATH_SEARCH_PATHS = (
					"$(inherited)",
					"@executable_path/Frameworks",
				);
				PRODUCT_BUNDLE_IDENTIFIER = KomalJain.DjApplication;
				PRODUCT_NAME = "$(TARGET_NAME)";
				SWIFT_VERSION = 5.0;
				TARGETED_DEVICE_FAMILY = "1,2";
			};
			name = Debug;
		};
		D5657E3F22CC3D720080A378 /* Release */ = {
			isa = XCBuildConfiguration;
			buildSettings = {
				ASSETCATALOG_COMPILER_APPICON_NAME = AppIcon;
				CODE_SIGN_STYLE = Automatic;
				INFOPLIST_FILE = DjApplication/Info.plist;
				LD_RUNPATH_SEARCH_PATHS = (
					"$(inherited)",
					"@executable_path/Frameworks",
				);
				PRODUCT_BUNDLE_IDENTIFIER = KomalJain.DjApplication;
				PRODUCT_NAME = "$(TARGET_NAME)";
				SWIFT_VERSION = 5.0;
				TARGETED_DEVICE_FAMILY = "1,2";
			};
			name = Release;
		};
		D5657E4122CC3D720080A378 /* Debug */ = {
			isa = XCBuildConfiguration;
			buildSettings = {
				ALWAYS_EMBED_SWIFT_STANDARD_LIBRARIES = YES;
				BUNDLE_LOADER = "$(TEST_HOST)";
				CODE_SIGN_STYLE = Automatic;
				INFOPLIST_FILE = DjApplicationTests/Info.plist;
				LD_RUNPATH_SEARCH_PATHS = (
					"$(inherited)",
					"@executable_path/Frameworks",
					"@loader_path/Frameworks",
				);
				PRODUCT_BUNDLE_IDENTIFIER = KomalJain.DjApplicationTests;
				PRODUCT_NAME = "$(TARGET_NAME)";
				SWIFT_VERSION = 5.0;
				TARGETED_DEVICE_FAMILY = "1,2";
				TEST_HOST = "$(BUILT_PRODUCTS_DIR)/DjApplication.app/DjApplication";
			};
			name = Debug;
		};
		D5657E4222CC3D720080A378 /* Release */ = {
			isa = XCBuildConfiguration;
			buildSettings = {
				ALWAYS_EMBED_SWIFT_STANDARD_LIBRARIES = YES;
				BUNDLE_LOADER = "$(TEST_HOST)";
				CODE_SIGN_STYLE = Automatic;
				INFOPLIST_FILE = DjApplicationTests/Info.plist;
				LD_RUNPATH_SEARCH_PATHS = (
					"$(inherited)",
					"@executable_path/Frameworks",
					"@loader_path/Frameworks",
				);
				PRODUCT_BUNDLE_IDENTIFIER = KomalJain.DjApplicationTests;
				PRODUCT_NAME = "$(TARGET_NAME)";
				SWIFT_VERSION = 5.0;
				TARGETED_DEVICE_FAMILY = "1,2";
				TEST_HOST = "$(BUILT_PRODUCTS_DIR)/DjApplication.app/DjApplication";
			};
			name = Release;
		};
		D5657E4422CC3D720080A378 /* Debug */ = {
			isa = XCBuildConfiguration;
			buildSettings = {
				ALWAYS_EMBED_SWIFT_STANDARD_LIBRARIES = YES;
				CODE_SIGN_STYLE = Automatic;
				INFOPLIST_FILE = DjApplicationUITests/Info.plist;
				LD_RUNPATH_SEARCH_PATHS = (
					"$(inherited)",
					"@executable_path/Frameworks",
					"@loader_path/Frameworks",
				);
				PRODUCT_BUNDLE_IDENTIFIER = KomalJain.DjApplicationUITests;
				PRODUCT_NAME = "$(TARGET_NAME)";
				SWIFT_VERSION = 5.0;
				TARGETED_DEVICE_FAMILY = "1,2";
				TEST_TARGET_NAME = DjApplication;
			};
			name = Debug;
		};
		D5657E4522CC3D720080A378 /* Release */ = {
			isa = XCBuildConfiguration;
			buildSettings = {
				ALWAYS_EMBED_SWIFT_STANDARD_LIBRARIES = YES;
				CODE_SIGN_STYLE = Automatic;
				INFOPLIST_FILE = DjApplicationUITests/Info.plist;
				LD_RUNPATH_SEARCH_PATHS = (
					"$(inherited)",
					"@executable_path/Frameworks",
					"@loader_path/Frameworks",
				);
				PRODUCT_BUNDLE_IDENTIFIER = KomalJain.DjApplicationUITests;
				PRODUCT_NAME = "$(TARGET_NAME)";
				SWIFT_VERSION = 5.0;
				TARGETED_DEVICE_FAMILY = "1,2";
				TEST_TARGET_NAME = DjApplication;
			};
			name = Release;
		};
/* End XCBuildConfiguration section */

/* Begin XCConfigurationList section */
		D5657E1022CC3D710080A378 /* Build configuration list for PBXProject "DjApplication" */ = {
			isa = XCConfigurationList;
			buildConfigurations = (
				D5657E3B22CC3D720080A378 /* Debug */,
				D5657E3C22CC3D720080A378 /* Release */,
			);
			defaultConfigurationIsVisible = 0;
			defaultConfigurationName = Release;
		};
		D5657E3D22CC3D720080A378 /* Build configuration list for PBXNativeTarget "DjApplication" */ = {
			isa = XCConfigurationList;
			buildConfigurations = (
				D5657E3E22CC3D720080A378 /* Debug */,
				D5657E3F22CC3D720080A378 /* Release */,
			);
			defaultConfigurationIsVisible = 0;
			defaultConfigurationName = Release;
		};
		D5657E4022CC3D720080A378 /* Build configuration list for PBXNativeTarget "DjApplicationTests" */ = {
			isa = XCConfigurationList;
			buildConfigurations = (
				D5657E4122CC3D720080A378 /* Debug */,
				D5657E4222CC3D720080A378 /* Release */,
			);
			defaultConfigurationIsVisible = 0;
			defaultConfigurationName = Release;
		};
		D5657E4322CC3D720080A378 /* Build configuration list for PBXNativeTarget "DjApplicationUITests" */ = {
			isa = XCConfigurationList;
			buildConfigurations = (
				D5657E4422CC3D720080A378 /* Debug */,
				D5657E4522CC3D720080A378 /* Release */,
			);
			defaultConfigurationIsVisible = 0;
			defaultConfigurationName = Release;
		};
/* End XCConfigurationList section */
	};
	rootObject = D5657E0D22CC3D710080A378 /* Project object */;
}
